
Microsoft Visual Studio Solution File, Format Version 12.00
# Visual Studio 15
VisualStudioVersion = 15.0.26228.17
MinimumVisualStudioVersion = 10.0.40219.1
Project("{9092AA53-FB77-4645-B42D-1CCCA6BD08BD}") = "angular-material2-extended", "angular-material2-extended\angular-material2-extended.njsproj", "{0A8BAC70-4C6D-46BE-BDEA-7A18D24297AD}"
EndProject
Global
	GlobalSection(SolutionConfigurationPlatforms) = preSolution
		Debug|Any CPU = Debug|Any CPU
		Release|Any CPU = Release|Any CPU
	EndGlobalSection
	GlobalSection(ProjectConfigurationPlatforms) = postSolution
		{0A8BAC70-4C6D-46BE-BDEA-7A18D24297AD}.Debug|Any CPU.ActiveCfg = Debug|Any CPU
		{0A8BAC70-4C6D-46BE-BDEA-7A18D24297AD}.Debug|Any CPU.Build.0 = Debug|Any CPU
		{0A8BAC70-4C6D-46BE-BDEA-7A18D24297AD}.Release|Any CPU.ActiveCfg = Release|Any CPU
		{0A8BAC70-4C6D-46BE-BDEA-7A18D24297AD}.Release|Any CPU.Build.0 = Release|Any CPU
	EndGlobalSection
	GlobalSection(SolutionProperties) = preSolution
		HideSolutionNode = FALSE
	EndGlobalSection
EndGlobal
